// !$*UTF8*$!
{
	archiveVersion = 1;
	classes = {
	};
	objectVersion = 50;
	objects = {

/* Begin PBXBuildFile section */
		DF074D282172F2510032862C /* AppDelegate.swift in Sources */ = {isa = PBXBuildFile; fileRef = DF074D272172F2510032862C /* AppDelegate.swift */; };
		DF074D2A2172F2510032862C /* ViewController.swift in Sources */ = {isa = PBXBuildFile; fileRef = DF074D292172F2510032862C /* ViewController.swift */; };
		DF074D2D2172F2510032862C /* Main.storyboard in Resources */ = {isa = PBXBuildFile; fileRef = DF074D2B2172F2510032862C /* Main.storyboard */; };
		DF074D2F2172F2530032862C /* Assets.xcassets in Resources */ = {isa = PBXBuildFile; fileRef = DF074D2E2172F2530032862C /* Assets.xcassets */; };
		DF074D322172F2530032862C /* LaunchScreen.storyboard in Resources */ = {isa = PBXBuildFile; fileRef = DF074D302172F2530032862C /* LaunchScreen.storyboard */; };
		DF074D3A2172F2B10032862C /* TransactionsController.swift in Sources */ = {isa = PBXBuildFile; fileRef = DF074D392172F2B10032862C /* TransactionsController.swift */; };
		DF074D3C2172F2DF0032862C /* DataModel.swift in Sources */ = {isa = PBXBuildFile; fileRef = DF074D3B2172F2DF0032862C /* DataModel.swift */; };
/* End PBXBuildFile section */

/* Begin PBXFileReference section */
		DF074D242172F2510032862C /* db-sqlite.app */ = {isa = PBXFileReference; explicitFileType = wrapper.application; includeInIndex = 0; path = "db-sqlite.app"; sourceTree = BUILT_PRODUCTS_DIR; };
		DF074D272172F2510032862C /* AppDelegate.swift */ = {isa = PBXFileReference; lastKnownFileType = sourcecode.swift; path = AppDelegate.swift; sourceTree = "<group>"; };
		DF074D292172F2510032862C /* ViewController.swift */ = {isa = PBXFileReference; lastKnownFileType = sourcecode.swift; path = ViewController.swift; sourceTree = "<group>"; };
		DF074D2C2172F2510032862C /* Base */ = {isa = PBXFileReference; lastKnownFileType = file.storyboard; name = Base; path = Base.lproj/Main.storyboard; sourceTree = "<group>"; };
		DF074D2E2172F2530032862C /* Assets.xcassets */ = {isa = PBXFileReference; lastKnownFileType = folder.assetcatalog; path = Assets.xcassets; sourceTree = "<group>"; };
		DF074D312172F2530032862C /* Base */ = {isa = PBXFileReference; lastKnownFileType = file.storyboard; name = Base; path = Base.lproj/LaunchScreen.storyboard; sourceTree = "<group>"; };
		DF074D332172F2530032862C /* Info.plist */ = {isa = PBXFileReference; lastKnownFileType = text.plist.xml; path = Info.plist; sourceTree = "<group>"; };
		DF074D392172F2B10032862C /* TransactionsController.swift */ = {isa = PBXFileReference; lastKnownFileType = sourcecode.swift; path = TransactionsController.swift; sourceTree = "<group>"; };
		DF074D3B2172F2DF0032862C /* DataModel.swift */ = {isa = PBXFileReference; lastKnownFileType = sourcecode.swift; path = DataModel.swift; sourceTree = "<group>"; };
/* End PBXFileReference section */

/* Begin PBXFrameworksBuildPhase section */
		DF074D212172F2510032862C /* Frameworks */ = {
			isa = PBXFrameworksBuildPhase;
			buildActionMask = 2147483647;
			files = (
			);
			runOnlyForDeploymentPostprocessing = 0;
		};
/* End PBXFrameworksBuildPhase section */

/* Begin PBXGroup section */
		DF074D1B2172F2510032862C = {
			isa = PBXGroup;
			children = (
				DF074D262172F2510032862C /* db-sqlite */,
				DF074D252172F2510032862C /* Products */,
			);
			sourceTree = "<group>";
		};
		DF074D252172F2510032862C /* Products */ = {
			isa = PBXGroup;
			children = (
				DF074D242172F2510032862C /* db-sqlite.app */,
			);
			name = Products;
			sourceTree = "<group>";
		};
		DF074D262172F2510032862C /* db-sqlite */ = {
			isa = PBXGroup;
			children = (
				DF074D272172F2510032862C /* AppDelegate.swift */,
				DF074D292172F2510032862C /* ViewController.swift */,
				DF074D392172F2B10032862C /* TransactionsController.swift */,
				DF074D3B2172F2DF0032862C /* DataModel.swift */,
				DF074D2B2172F2510032862C /* Main.storyboard */,
				DF074D2E2172F2530032862C /* Assets.xcassets */,
				DF074D302172F2530032862C /* LaunchScreen.storyboard */,
				DF074D332172F2530032862C /* Info.plist */,
			);
			path = "db-sqlite";
			sourceTree = "<group>";
		};
/* End PBXGroup section */

/* Begin PBXNativeTarget section */
		DF074D232172F2510032862C /* db-sqlite */ = {
			isa = PBXNativeTarget;
			buildConfigurationList = DF074D362172F2530032862C /* Build configuration list for PBXNativeTarget "db-sqlite" */;
			buildPhases = (
				DF074D202172F2510032862C /* Sources */,
				DF074D212172F2510032862C /* Frameworks */,
				DF074D222172F2510032862C /* Resources */,
			);
			buildRules = (
			);
			dependencies = (
			);
			name = "db-sqlite";
			productName = "db-sqlite";
			productReference = DF074D242172F2510032862C /* db-sqlite.app */;
			productType = "com.apple.product-type.application";
		};
/* End PBXNativeTarget section */

/* Begin PBXProject section */
		DF074D1C2172F2510032862C /* Project object */ = {
			isa = PBXProject;
			attributes = {
				LastSwiftUpdateCheck = 1000;
				LastUpgradeCheck = 1000;
				ORGANIZATIONNAME = "Anton Vronskii";
				TargetAttributes = {
					DF074D232172F2510032862C = {
						CreatedOnToolsVersion = 10.0;
					};
				};
			};
			buildConfigurationList = DF074D1F2172F2510032862C /* Build configuration list for PBXProject "db-sqlite" */;
			compatibilityVersion = "Xcode 9.3";
			developmentRegion = en;
			hasScannedForEncodings = 0;
			knownRegions = (
				en,
				Base,
			);
			mainGroup = DF074D1B2172F2510032862C;
			productRefGroup = DF074D252172F2510032862C /* Products */;
			projectDirPath = "";
			projectRoot = "";
			targets = (
				DF074D232172F2510032862C /* db-sqlite */,
			);
		};
/* End PBXProject section */

/* Begin PBXResourcesBuildPhase section */
		DF074D222172F2510032862C /* Resources */ = {
			isa = PBXResourcesBuildPhase;
			buildActionMask = 2147483647;
			files = (
				DF074D322172F2530032862C /* LaunchScreen.storyboard in Resources */,
				DF074D2F2172F2530032862C /* Assets.xcassets in Resources */,
				DF074D2D2172F2510032862C /* Main.storyboard in Resources */,
			);
			runOnlyForDeploymentPostprocessing = 0;
		};
/* End PBXResourcesBuildPhase section */

/* Begin PBXSourcesBuildPhase section */
		DF074D202172F2510032862C /* Sources */ = {
			isa = PBXSourcesBuildPhase;
			buildActionMask = 2147483647;
			files = (
				DF074D3A2172F2B10032862C /* TransactionsController.swift in Sources */,
				DF074D3C2172F2DF0032862C /* DataModel.swift in Sources */,
				DF074D2A2172F2510032862C /* ViewController.swift in Sources */,
				DF074D282172F2510032862C /* AppDelegate.swift in Sources */,
			);
			runOnlyForDeploymentPostprocessing = 0;
		};
/* End PBXSourcesBuildPhase section */

/* Begin PBXVariantGroup section */
		DF074D2B2172F2510032862C /* Main.storyboard */ = {
			isa = PBXVariantGroup;
			children = (
				DF074D2C2172F2510032862C /* Base */,
			);
			name = Main.storyboard;
			sourceTree = "<group>";
		};
		DF074D302172F2530032862C /* LaunchScreen.storyboard */ = {
			isa = PBXVariantGroup;
			children = (
				DF074D312172F2530032862C /* Base */,
			);
			name = LaunchScreen.storyboard;
			sourceTree = "<group>";
		};
/* End PBXVariantGroup section */

/* Begin XCBuildConfiguration section */
		DF074D342172F2530032862C /* Debug */ = {
			isa = XCBuildConfiguration;
			buildSettings = {
				ALWAYS_SEARCH_USER_PATHS = NO;
				CLANG_ANALYZER_NONNULL = YES;
				CLANG_ANALYZER_NUMBER_OBJECT_CONVERSION = YES_AGGRESSIVE;
				CLANG_CXX_LANGUAGE_STANDARD = "gnu++14";
				CLANG_CXX_LIBRARY = "libc++";
				CLANG_ENABLE_MODULES = YES;
				CLANG_ENABLE_OBJC_ARC = YES;
				CLANG_ENABLE_OBJC_WEAK = YES;
				CLANG_WARN_BLOCK_CAPTURE_AUTORELEASING = YES;
				CLANG_WARN_BOOL_CONVERSION = YES;
				CLANG_WARN_COMMA = YES;
				CLANG_WARN_CONSTANT_CONVERSION = YES;
				CLANG_WARN_DEPRECATED_OBJC_IMPLEMENTATIONS = YES;
				CLANG_WARN_DIRECT_OBJC_ISA_USAGE = YES_ERROR;
				CLANG_WARN_DOCUMENTATION_COMMENTS = YES;
				CLANG_WARN_EMPTY_BODY = YES;
				CLANG_WARN_ENUM_CONVERSION = YES;
				CLANG_WARN_INFINITE_RECURSION = YES;
				CLANG_WARN_INT_CONVERSION = YES;
				CLANG_WARN_NON_LITERAL_NULL_CONVERSION = YES;
				CLANG_WARN_OBJC_IMPLICIT_RETAIN_SELF = YES;
				CLANG_WARN_OBJC_LITERAL_CONVERSION = YES;
				CLANG_WARN_OBJC_ROOT_CLASS = YES_ERROR;
				CLANG_WARN_RANGE_LOOP_ANALYSIS = YES;
				CLANG_WARN_STRICT_PROTOTYPES = YES;
				CLANG_WARN_SUSPICIOUS_MOVE = YES;
				CLANG_WARN_UNGUARDED_AVAILABILITY = YES_AGGRESSIVE;
				CLANG_WARN_UNREACHABLE_CODE = YES;
				CLANG_WARN__DUPLICATE_METHOD_MATCH = YES;
				CODE_SIGN_IDENTITY = "iPhone Developer";
				COPY_PHASE_STRIP = NO;
				DEBUG_INFORMATION_FORMAT = dwarf;
				ENABLE_STRICT_OBJC_MSGSEND = YES;
				ENABLE_TESTABILITY = YES;
				GCC_C_LANGUAGE_STANDARD = gnu11;
				GCC_DYNAMIC_NO_PIC = NO;
				GCC_NO_COMMON_BLOCKS = YES;
				GCC_OPTIMIZATION_LEVEL = 0;
				GCC_PREPROCESSOR_DEFINITIONS = (
					"DEBUG=1",
					"$(inherited)",
				);
				GCC_WARN_64_TO_32_BIT_CONVERSION = YES;
				GCC_WARN_ABOUT_RETURN_TYPE = YES_ERROR;
				GCC_WARN_UNDECLARED_SELECTOR = YES;
				GCC_WARN_UNINITIALIZED_AUTOS = YES_AGGRESSIVE;
				GCC_WARN_UNUSED_FUNCTION = YES;
				GCC_WARN_UNUSED_VARIABLE = YES;
				IPHONEOS_DEPLOYMENT_TARGET = 12.0;
				MTL_ENABLE_DEBUG_INFO = INCLUDE_SOURCE;
				MTL_FAST_MATH = YES;
				ONLY_ACTIVE_ARCH = YES;
				SDKROOT = iphoneos;
				SWIFT_ACTIVE_COMPILATION_CONDITIONS = DEBUG;
				SWIFT_OPTIMIZATION_LEVEL = "-Onone";
			};
			name = Debug;
		};
		DF074D352172F2530032862C /* Release */ = {
			isa = XCBuildConfiguration;
			buildSettings = {
				ALWAYS_SEARCH_USER_PATHS = NO;
				CLANG_ANALYZER_NONNULL = YES;
				CLANG_ANALYZER_NUMBER_OBJECT_CONVERSION = YES_AGGRESSIVE;
				CLANG_CXX_LANGUAGE_STANDARD = "gnu++14";
				CLANG_CXX_LIBRARY = "libc++";
				CLANG_ENABLE_MODULES = YES;
				CLANG_ENABLE_OBJC_ARC = YES;
				CLANG_ENABLE_OBJC_WEAK = YES;
				CLANG_WARN_BLOCK_CAPTURE_AUTORELEASING = YES;
				CLANG_WARN_BOOL_CONVERSION = YES;
				CLANG_WARN_COMMA = YES;
				CLANG_WARN_CONSTANT_CONVERSION = YES;
				CLANG_WARN_DEPRECATED_OBJC_IMPLEMENTATIONS = YES;
				CLANG_WARN_DIRECT_OBJC_ISA_USAGE = YES_ERROR;
				CLANG_WARN_DOCUMENTATION_COMMENTS = YES;
				CLANG_WARN_EMPTY_BODY = YES;
				CLANG_WARN_ENUM_CONVERSION = YES;
				CLANG_WARN_INFINITE_RECURSION = YES;
				CLANG_WARN_INT_CONVERSION = YES;
				CLANG_WARN_NON_LITERAL_NULL_CONVERSION = YES;
				CLANG_WARN_OBJC_IMPLICIT_RETAIN_SELF = YES;
				CLANG_WARN_OBJC_LITERAL_CONVERSION = YES;
				CLANG_WARN_OBJC_ROOT_CLASS = YES_ERROR;
				CLANG_WARN_RANGE_LOOP_ANALYSIS = YES;
				CLANG_WARN_STRICT_PROTOTYPES = YES;
				CLANG_WARN_SUSPICIOUS_MOVE = YES;
				CLANG_WARN_UNGUARDED_AVAILABILITY = YES_AGGRESSIVE;
				CLANG_WARN_UNREACHABLE_CODE = YES;
				CLANG_WARN__DUPLICATE_METHOD_MATCH = YES;
				CODE_SIGN_IDENTITY = "iPhone Developer";
				COPY_PHASE_STRIP = NO;
				DEBUG_INFORMATION_FORMAT = "dwarf-with-dsym";
				ENABLE_NS_ASSERTIONS = NO;
				ENABLE_STRICT_OBJC_MSGSEND = YES;
				GCC_C_LANGUAGE_STANDARD = gnu11;
				GCC_NO_COMMON_BLOCKS = YES;
				GCC_WARN_64_TO_32_BIT_CONVERSION = YES;
				GCC_WARN_ABOUT_RETURN_TYPE = YES_ERROR;
				GCC_WARN_UNDECLARED_SELECTOR = YES;
				GCC_WARN_UNINITIALIZED_AUTOS = YES_AGGRESSIVE;
				GCC_WARN_UNUSED_FUNCTION = YES;
				GCC_WARN_UNUSED_VARIABLE = YES;
				IPHONEOS_DEPLOYMENT_TARGET = 12.0;
				MTL_ENABLE_DEBUG_INFO = NO;
				MTL_FAST_MATH = YES;
				SDKROOT = iphoneos;
				SWIFT_COMPILATION_MODE = wholemodule;
				SWIFT_OPTIMIZATION_LEVEL = "-O";
				VALIDATE_PRODUCT = YES;
			};
			name = Release;
		};
		DF074D372172F2530032862C /* Debug */ = {
			isa = XCBuildConfiguration;
			buildSettings = {
				ASSETCATALOG_COMPILER_APPICON_NAME = AppIcon;
				CODE_SIGN_STYLE = Automatic;
				DEVELOPMENT_TEAM = YLHBNR4ACZ;
				INFOPLIST_FILE = "db-sqlite/Info.plist";
				IPHONEOS_DEPLOYMENT_TARGET = 11.0;
				LD_RUNPATH_SEARCH_PATHS = (
					"$(inherited)",
					"@executable_path/Frameworks",
				);
				PRODUCT_BUNDLE_IDENTIFIER = "com.sharrp.db-sqlite";
				PRODUCT_NAME = "$(TARGET_NAME)";
				SWIFT_VERSION = 4.2;
				TARGETED_DEVICE_FAMILY = 1;
			};
			name = Debug;
		};
		DF074D382172F2530032862C /* Release */ = {
			isa = XCBuildConfiguration;
			buildSettings = {
				ASSETCATALOG_COMPILER_APPICON_NAME = AppIcon;
				CODE_SIGN_STYLE = Automatic;
				DEVELOPMENT_TEAM = YLHBNR4ACZ;
				INFOPLIST_FILE = "db-sqlite/Info.plist";
				IPHONEOS_DEPLOYMENT_TARGET = 11.0;
				LD_RUNPATH_SEARCH_PATHS = (
					"$(inherited)",
					"@executable_path/Frameworks",
				);
				PRODUCT_BUNDLE_IDENTIFIER = "com.sharrp.db-sqlite";
				PRODUCT_NAME = "$(TARGET_NAME)";
				SWIFT_VERSION = 4.2;
				TARGETED_DEVICE_FAMILY = 1;
			};
			name = Release;
		};
/* End XCBuildConfiguration section */

/* Begin XCConfigurationList section */
		DF074D1F2172F2510032862C /* Build configuration list for PBXProject "db-sqlite" */ = {
			isa = XCConfigurationList;
			buildConfigurations = (
				DF074D342172F2530032862C /* Debug */,
				DF074D352172F2530032862C /* Release */,
			);
			defaultConfigurationIsVisible = 0;
			defaultConfigurationName = Release;
		};
		DF074D362172F2530032862C /* Build configuration list for PBXNativeTarget "db-sqlite" */ = {
			isa = XCConfigurationList;
			buildConfigurations = (
				DF074D372172F2530032862C /* Debug */,
				DF074D382172F2530032862C /* Release */,
			);
			defaultConfigurationIsVisible = 0;
			defaultConfigurationName = Release;
		};
/* End XCConfigurationList section */
	};
	rootObject = DF074D1C2172F2510032862C /* Project object */;
}
